
Microsoft Visual Studio Solution File, Format Version 12.00
# Visual Studio Version 17
VisualStudioVersion = 17.8.34511.84
MinimumVisualStudioVersion = 10.0.40219.1
Project("{FAE04EC0-301F-11D3-BF4B-00C04F79EFBC}") = "Projeto_Maua2", "Projeto_Maua2.csproj", "{2487ABF6-ABC9-4D81-BD09-33D86000D484}"
EndProject
Global
	GlobalSection(SolutionConfigurationPlatforms) = preSolution
		Debug|Any CPU = Debug|Any CPU
		Release|Any CPU = Release|Any CPU
	EndGlobalSection
	GlobalSection(ProjectConfigurationPlatforms) = postSolution
		{2487ABF6-ABC9-4D81-BD09-33D86000D484}.Debug|Any CPU.ActiveCfg = Debug|Any CPU
		{2487ABF6-ABC9-4D81-BD09-33D86000D484}.Debug|Any CPU.Build.0 = Debug|Any CPU
		{2487ABF6-ABC9-4D81-BD09-33D86000D484}.Release|Any CPU.ActiveCfg = Release|Any CPU
		{2487ABF6-ABC9-4D81-BD09-33D86000D484}.Release|Any CPU.Build.0 = Release|Any CPU
	EndGlobalSection
	GlobalSection(SolutionProperties) = preSolution
		HideSolutionNode = FALSE
	EndGlobalSection
	GlobalSection(ExtensibilityGlobals) = postSolution
		SolutionGuid = {BBC30C98-317A-4A58-A87C-92E8FCC45757}
	EndGlobalSection
EndGlobal
